// !$*UTF8*$!
{
	archiveVersion = 1;
	classes = {
	};
	objectVersion = 56;
	objects = {

/* Begin PBXBuildFile section */
		C6863CBE2B9F7C3F009AFEBB /* AppDelegate.swift in Sources */ = {isa = PBXBuildFile; fileRef = C6863CBD2B9F7C3F009AFEBB /* AppDelegate.swift */; };
		C6863CC02B9F7C3F009AFEBB /* SceneDelegate.swift in Sources */ = {isa = PBXBuildFile; fileRef = C6863CBF2B9F7C3F009AFEBB /* SceneDelegate.swift */; };
		C6863CC22B9F7C3F009AFEBB /* HomeViewController.swift in Sources */ = {isa = PBXBuildFile; fileRef = C6863CC12B9F7C3F009AFEBB /* HomeViewController.swift */; };
		C6863CC52B9F7C3F009AFEBB /* Main.storyboard in Resources */ = {isa = PBXBuildFile; fileRef = C6863CC32B9F7C3F009AFEBB /* Main.storyboard */; };
		C6863CC72B9F7C41009AFEBB /* Assets.xcassets in Resources */ = {isa = PBXBuildFile; fileRef = C6863CC62B9F7C41009AFEBB /* Assets.xcassets */; };
		C6863CCA2B9F7C41009AFEBB /* LaunchScreen.storyboard in Resources */ = {isa = PBXBuildFile; fileRef = C6863CC82B9F7C41009AFEBB /* LaunchScreen.storyboard */; };
		C6863CD42B9F8057009AFEBB /* SplashViewController.swift in Sources */ = {isa = PBXBuildFile; fileRef = C6863CD32B9F8057009AFEBB /* SplashViewController.swift */; };
		C6863CD62B9F806F009AFEBB /* Constants.swift in Sources */ = {isa = PBXBuildFile; fileRef = C6863CD52B9F806F009AFEBB /* Constants.swift */; };
		C6863CDF2B9F9BF6009AFEBB /* HomeViewProtocol.swift in Sources */ = {isa = PBXBuildFile; fileRef = C6863CDE2B9F9BF6009AFEBB /* HomeViewProtocol.swift */; };
		C6863CE12B9F9C41009AFEBB /* HomeViewDataSource.swift in Sources */ = {isa = PBXBuildFile; fileRef = C6863CE02B9F9C41009AFEBB /* HomeViewDataSource.swift */; };
		C6863CE62B9FB149009AFEBB /* TunesNetworkRestApi.swift in Sources */ = {isa = PBXBuildFile; fileRef = C6863CE52B9FB149009AFEBB /* TunesNetworkRestApi.swift */; };
		C6863CE82B9FB2A1009AFEBB /* TunesRestApi.swift in Sources */ = {isa = PBXBuildFile; fileRef = C6863CE72B9FB2A1009AFEBB /* TunesRestApi.swift */; };
		C6863CEA2B9FB4AD009AFEBB /* TunesRepository.swift in Sources */ = {isa = PBXBuildFile; fileRef = C6863CE92B9FB4AD009AFEBB /* TunesRepository.swift */; };
		C6863CEC2B9FB4D1009AFEBB /* TunesApiRepository.swift in Sources */ = {isa = PBXBuildFile; fileRef = C6863CEB2B9FB4D1009AFEBB /* TunesApiRepository.swift */; };
		C6863CEE2B9FB606009AFEBB /* TunesUseCase.swift in Sources */ = {isa = PBXBuildFile; fileRef = C6863CED2B9FB606009AFEBB /* TunesUseCase.swift */; };
		C6863CF02B9FB6C7009AFEBB /* HomePresenter.swift in Sources */ = {isa = PBXBuildFile; fileRef = C6863CEF2B9FB6C7009AFEBB /* HomePresenter.swift */; };
		C6863CF22B9FB6DD009AFEBB /* HomePresenterProtocol.swift in Sources */ = {isa = PBXBuildFile; fileRef = C6863CF12B9FB6DD009AFEBB /* HomePresenterProtocol.swift */; };
		C6863CF42B9FCE9D009AFEBB /* TunesModel.swift in Sources */ = {isa = PBXBuildFile; fileRef = C6863CF32B9FCE9D009AFEBB /* TunesModel.swift */; };
		C6863CF62B9FCF3C009AFEBB /* LoardingSpinnerView.swift in Sources */ = {isa = PBXBuildFile; fileRef = C6863CF52B9FCF3C009AFEBB /* LoardingSpinnerView.swift */; };
		C6863CF82B9FD84F009AFEBB /* ErrorAlertView.swift in Sources */ = {isa = PBXBuildFile; fileRef = C6863CF72B9FD84F009AFEBB /* ErrorAlertView.swift */; };
/* End PBXBuildFile section */

/* Begin PBXFileReference section */
		C6863CBA2B9F7C3F009AFEBB /* iTunesWOM.app */ = {isa = PBXFileReference; explicitFileType = wrapper.application; includeInIndex = 0; path = iTunesWOM.app; sourceTree = BUILT_PRODUCTS_DIR; };
		C6863CBD2B9F7C3F009AFEBB /* AppDelegate.swift */ = {isa = PBXFileReference; lastKnownFileType = sourcecode.swift; path = AppDelegate.swift; sourceTree = "<group>"; };
		C6863CBF2B9F7C3F009AFEBB /* SceneDelegate.swift */ = {isa = PBXFileReference; lastKnownFileType = sourcecode.swift; path = SceneDelegate.swift; sourceTree = "<group>"; };
		C6863CC12B9F7C3F009AFEBB /* HomeViewController.swift */ = {isa = PBXFileReference; lastKnownFileType = sourcecode.swift; path = HomeViewController.swift; sourceTree = "<group>"; };
		C6863CC42B9F7C3F009AFEBB /* Base */ = {isa = PBXFileReference; lastKnownFileType = file.storyboard; name = Base; path = Base.lproj/Main.storyboard; sourceTree = "<group>"; };
		C6863CC62B9F7C41009AFEBB /* Assets.xcassets */ = {isa = PBXFileReference; lastKnownFileType = folder.assetcatalog; path = Assets.xcassets; sourceTree = "<group>"; };
		C6863CC92B9F7C41009AFEBB /* Base */ = {isa = PBXFileReference; lastKnownFileType = file.storyboard; name = Base; path = Base.lproj/LaunchScreen.storyboard; sourceTree = "<group>"; };
		C6863CCB2B9F7C41009AFEBB /* Info.plist */ = {isa = PBXFileReference; lastKnownFileType = text.plist.xml; path = Info.plist; sourceTree = "<group>"; };
		C6863CD32B9F8057009AFEBB /* SplashViewController.swift */ = {isa = PBXFileReference; lastKnownFileType = sourcecode.swift; path = SplashViewController.swift; sourceTree = "<group>"; };
		C6863CD52B9F806F009AFEBB /* Constants.swift */ = {isa = PBXFileReference; lastKnownFileType = sourcecode.swift; path = Constants.swift; sourceTree = "<group>"; };
		C6863CDE2B9F9BF6009AFEBB /* HomeViewProtocol.swift */ = {isa = PBXFileReference; lastKnownFileType = sourcecode.swift; path = HomeViewProtocol.swift; sourceTree = "<group>"; };
		C6863CE02B9F9C41009AFEBB /* HomeViewDataSource.swift */ = {isa = PBXFileReference; lastKnownFileType = sourcecode.swift; path = HomeViewDataSource.swift; sourceTree = "<group>"; };
		C6863CE52B9FB149009AFEBB /* TunesNetworkRestApi.swift */ = {isa = PBXFileReference; lastKnownFileType = sourcecode.swift; path = TunesNetworkRestApi.swift; sourceTree = "<group>"; };
		C6863CE72B9FB2A1009AFEBB /* TunesRestApi.swift */ = {isa = PBXFileReference; lastKnownFileType = sourcecode.swift; path = TunesRestApi.swift; sourceTree = "<group>"; };
		C6863CE92B9FB4AD009AFEBB /* TunesRepository.swift */ = {isa = PBXFileReference; lastKnownFileType = sourcecode.swift; path = TunesRepository.swift; sourceTree = "<group>"; };
		C6863CEB2B9FB4D1009AFEBB /* TunesApiRepository.swift */ = {isa = PBXFileReference; lastKnownFileType = sourcecode.swift; path = TunesApiRepository.swift; sourceTree = "<group>"; };
		C6863CED2B9FB606009AFEBB /* TunesUseCase.swift */ = {isa = PBXFileReference; lastKnownFileType = sourcecode.swift; path = TunesUseCase.swift; sourceTree = "<group>"; };
		C6863CEF2B9FB6C7009AFEBB /* HomePresenter.swift */ = {isa = PBXFileReference; lastKnownFileType = sourcecode.swift; path = HomePresenter.swift; sourceTree = "<group>"; };
		C6863CF12B9FB6DD009AFEBB /* HomePresenterProtocol.swift */ = {isa = PBXFileReference; lastKnownFileType = sourcecode.swift; path = HomePresenterProtocol.swift; sourceTree = "<group>"; };
		C6863CF32B9FCE9D009AFEBB /* TunesModel.swift */ = {isa = PBXFileReference; lastKnownFileType = sourcecode.swift; path = TunesModel.swift; sourceTree = "<group>"; };
		C6863CF52B9FCF3C009AFEBB /* LoardingSpinnerView.swift */ = {isa = PBXFileReference; lastKnownFileType = sourcecode.swift; path = LoardingSpinnerView.swift; sourceTree = "<group>"; };
		C6863CF72B9FD84F009AFEBB /* ErrorAlertView.swift */ = {isa = PBXFileReference; lastKnownFileType = sourcecode.swift; path = ErrorAlertView.swift; sourceTree = "<group>"; };
/* End PBXFileReference section */

/* Begin PBXFrameworksBuildPhase section */
		C6863CB72B9F7C3F009AFEBB /* Frameworks */ = {
			isa = PBXFrameworksBuildPhase;
			buildActionMask = 2147483647;
			files = (
			);
			runOnlyForDeploymentPostprocessing = 0;
		};
/* End PBXFrameworksBuildPhase section */

/* Begin PBXGroup section */
		C6863CB12B9F7C3F009AFEBB = {
			isa = PBXGroup;
			children = (
				C6863CBC2B9F7C3F009AFEBB /* iTunesWOM */,
				C6863CBB2B9F7C3F009AFEBB /* Products */,
			);
			sourceTree = "<group>";
		};
		C6863CBB2B9F7C3F009AFEBB /* Products */ = {
			isa = PBXGroup;
			children = (
				C6863CBA2B9F7C3F009AFEBB /* iTunesWOM.app */,
			);
			name = Products;
			sourceTree = "<group>";
		};
		C6863CBC2B9F7C3F009AFEBB /* iTunesWOM */ = {
			isa = PBXGroup;
			children = (
				C6863CE22B9FA58A009AFEBB /* Resources */,
				C6863CD12B9F7F83009AFEBB /* Source */,
				C6863CBD2B9F7C3F009AFEBB /* AppDelegate.swift */,
				C6863CBF2B9F7C3F009AFEBB /* SceneDelegate.swift */,
				C6863CC32B9F7C3F009AFEBB /* Main.storyboard */,
				C6863CC62B9F7C41009AFEBB /* Assets.xcassets */,
				C6863CC82B9F7C41009AFEBB /* LaunchScreen.storyboard */,
				C6863CCB2B9F7C41009AFEBB /* Info.plist */,
			);
			path = iTunesWOM;
			sourceTree = "<group>";
		};
		C6863CD12B9F7F83009AFEBB /* Source */ = {
			isa = PBXGroup;
			children = (
				C6863CD72B9F8AC2009AFEBB /* HomeViewController */,
				C6863CD22B9F7FEA009AFEBB /* Splash */,
			);
			path = Source;
			sourceTree = "<group>";
		};
		C6863CD22B9F7FEA009AFEBB /* Splash */ = {
			isa = PBXGroup;
			children = (
				C6863CD92B9F8B69009AFEBB /* View */,
			);
			path = Splash;
			sourceTree = "<group>";
		};
		C6863CD72B9F8AC2009AFEBB /* HomeViewController */ = {
			isa = PBXGroup;
			children = (
				C6863CDD2B9F8BE7009AFEBB /* Data */,
				C6863CDA2B9F8BA8009AFEBB /* Domain */,
				C6863CD82B9F8B5A009AFEBB /* View */,
			);
			path = HomeViewController;
			sourceTree = "<group>";
		};
		C6863CD82B9F8B5A009AFEBB /* View */ = {
			isa = PBXGroup;
			children = (
				C6863CC12B9F7C3F009AFEBB /* HomeViewController.swift */,
				C6863CDE2B9F9BF6009AFEBB /* HomeViewProtocol.swift */,
				C6863CEF2B9FB6C7009AFEBB /* HomePresenter.swift */,
				C6863CF12B9FB6DD009AFEBB /* HomePresenterProtocol.swift */,
				C6863CE02B9F9C41009AFEBB /* HomeViewDataSource.swift */,
			);
			path = View;
			sourceTree = "<group>";
		};
		C6863CD92B9F8B69009AFEBB /* View */ = {
			isa = PBXGroup;
			children = (
				C6863CD32B9F8057009AFEBB /* SplashViewController.swift */,
			);
			path = View;
			sourceTree = "<group>";
		};
		C6863CDA2B9F8BA8009AFEBB /* Domain */ = {
			isa = PBXGroup;
			children = (
				C6863CDC2B9F8BC5009AFEBB /* UseCase */,
				C6863CDB2B9F8BBA009AFEBB /* Model */,
			);
			path = Domain;
			sourceTree = "<group>";
		};
		C6863CDB2B9F8BBA009AFEBB /* Model */ = {
			isa = PBXGroup;
			children = (
				C6863CF32B9FCE9D009AFEBB /* TunesModel.swift */,
			);
			path = Model;
			sourceTree = "<group>";
		};
		C6863CDC2B9F8BC5009AFEBB /* UseCase */ = {
			isa = PBXGroup;
			children = (
				C6863CED2B9FB606009AFEBB /* TunesUseCase.swift */,
			);
			path = UseCase;
			sourceTree = "<group>";
		};
		C6863CDD2B9F8BE7009AFEBB /* Data */ = {
			isa = PBXGroup;
			children = (
				C6863CE42B9FB01B009AFEBB /* Repository */,
				C6863CE32B9FB011009AFEBB /* Network */,
			);
			path = Data;
			sourceTree = "<group>";
		};
		C6863CE22B9FA58A009AFEBB /* Resources */ = {
			isa = PBXGroup;
			children = (
				C6863CD52B9F806F009AFEBB /* Constants.swift */,
				C6863CF52B9FCF3C009AFEBB /* LoardingSpinnerView.swift */,
				C6863CF72B9FD84F009AFEBB /* ErrorAlertView.swift */,
			);
			path = Resources;
			sourceTree = "<group>";
		};
		C6863CE32B9FB011009AFEBB /* Network */ = {
			isa = PBXGroup;
			children = (
				C6863CE52B9FB149009AFEBB /* TunesNetworkRestApi.swift */,
				C6863CE72B9FB2A1009AFEBB /* TunesRestApi.swift */,
			);
			path = Network;
			sourceTree = "<group>";
		};
		C6863CE42B9FB01B009AFEBB /* Repository */ = {
			isa = PBXGroup;
			children = (
				C6863CE92B9FB4AD009AFEBB /* TunesRepository.swift */,
				C6863CEB2B9FB4D1009AFEBB /* TunesApiRepository.swift */,
			);
			path = Repository;
			sourceTree = "<group>";
		};
/* End PBXGroup section */

/* Begin PBXNativeTarget section */
		C6863CB92B9F7C3F009AFEBB /* iTunesWOM */ = {
			isa = PBXNativeTarget;
			buildConfigurationList = C6863CCE2B9F7C41009AFEBB /* Build configuration list for PBXNativeTarget "iTunesWOM" */;
			buildPhases = (
				C6863CB62B9F7C3F009AFEBB /* Sources */,
				C6863CB72B9F7C3F009AFEBB /* Frameworks */,
				C6863CB82B9F7C3F009AFEBB /* Resources */,
			);
			buildRules = (
			);
			dependencies = (
			);
			name = iTunesWOM;
			productName = iTunesWOM;
			productReference = C6863CBA2B9F7C3F009AFEBB /* iTunesWOM.app */;
			productType = "com.apple.product-type.application";
		};
/* End PBXNativeTarget section */

/* Begin PBXProject section */
		C6863CB22B9F7C3F009AFEBB /* Project object */ = {
			isa = PBXProject;
			attributes = {
				BuildIndependentTargetsInParallel = 1;
				LastSwiftUpdateCheck = 1510;
				LastUpgradeCheck = 1510;
				TargetAttributes = {
					C6863CB92B9F7C3F009AFEBB = {
						CreatedOnToolsVersion = 15.1;
					};
				};
			};
			buildConfigurationList = C6863CB52B9F7C3F009AFEBB /* Build configuration list for PBXProject "iTunesWOM" */;
			compatibilityVersion = "Xcode 14.0";
			developmentRegion = en;
			hasScannedForEncodings = 0;
			knownRegions = (
				en,
				Base,
			);
			mainGroup = C6863CB12B9F7C3F009AFEBB;
			productRefGroup = C6863CBB2B9F7C3F009AFEBB /* Products */;
			projectDirPath = "";
			projectRoot = "";
			targets = (
				C6863CB92B9F7C3F009AFEBB /* iTunesWOM */,
			);
		};
/* End PBXProject section */

/* Begin PBXResourcesBuildPhase section */
		C6863CB82B9F7C3F009AFEBB /* Resources */ = {
			isa = PBXResourcesBuildPhase;
			buildActionMask = 2147483647;
			files = (
				C6863CCA2B9F7C41009AFEBB /* LaunchScreen.storyboard in Resources */,
				C6863CC72B9F7C41009AFEBB /* Assets.xcassets in Resources */,
				C6863CC52B9F7C3F009AFEBB /* Main.storyboard in Resources */,
			);
			runOnlyForDeploymentPostprocessing = 0;
		};
/* End PBXResourcesBuildPhase section */

/* Begin PBXSourcesBuildPhase section */
		C6863CB62B9F7C3F009AFEBB /* Sources */ = {
			isa = PBXSourcesBuildPhase;
			buildActionMask = 2147483647;
			files = (
				C6863CD62B9F806F009AFEBB /* Constants.swift in Sources */,
				C6863CF82B9FD84F009AFEBB /* ErrorAlertView.swift in Sources */,
				C6863CF22B9FB6DD009AFEBB /* HomePresenterProtocol.swift in Sources */,
				C6863CEC2B9FB4D1009AFEBB /* TunesApiRepository.swift in Sources */,
				C6863CDF2B9F9BF6009AFEBB /* HomeViewProtocol.swift in Sources */,
				C6863CC22B9F7C3F009AFEBB /* HomeViewController.swift in Sources */,
				C6863CBE2B9F7C3F009AFEBB /* AppDelegate.swift in Sources */,
				C6863CC02B9F7C3F009AFEBB /* SceneDelegate.swift in Sources */,
				C6863CE62B9FB149009AFEBB /* TunesNetworkRestApi.swift in Sources */,
				C6863CE82B9FB2A1009AFEBB /* TunesRestApi.swift in Sources */,
				C6863CEA2B9FB4AD009AFEBB /* TunesRepository.swift in Sources */,
				C6863CF02B9FB6C7009AFEBB /* HomePresenter.swift in Sources */,
				C6863CEE2B9FB606009AFEBB /* TunesUseCase.swift in Sources */,
				C6863CE12B9F9C41009AFEBB /* HomeViewDataSource.swift in Sources */,
				C6863CD42B9F8057009AFEBB /* SplashViewController.swift in Sources */,
				C6863CF62B9FCF3C009AFEBB /* LoardingSpinnerView.swift in Sources */,
				C6863CF42B9FCE9D009AFEBB /* TunesModel.swift in Sources */,
			);
			runOnlyForDeploymentPostprocessing = 0;
		};
/* End PBXSourcesBuildPhase section */

/* Begin PBXVariantGroup section */
		C6863CC32B9F7C3F009AFEBB /* Main.storyboard */ = {
			isa = PBXVariantGroup;
			children = (
				C6863CC42B9F7C3F009AFEBB /* Base */,
			);
			name = Main.storyboard;
			sourceTree = "<group>";
		};
		C6863CC82B9F7C41009AFEBB /* LaunchScreen.storyboard */ = {
			isa = PBXVariantGroup;
			children = (
				C6863CC92B9F7C41009AFEBB /* Base */,
			);
			name = LaunchScreen.storyboard;
			sourceTree = "<group>";
		};
/* End PBXVariantGroup section */

/* Begin XCBuildConfiguration section */
		C6863CCC2B9F7C41009AFEBB /* Debug */ = {
			isa = XCBuildConfiguration;
			buildSettings = {
				ALWAYS_SEARCH_USER_PATHS = NO;
				ASSETCATALOG_COMPILER_GENERATE_SWIFT_ASSET_SYMBOL_EXTENSIONS = YES;
				CLANG_ANALYZER_NONNULL = YES;
				CLANG_ANALYZER_NUMBER_OBJECT_CONVERSION = YES_AGGRESSIVE;
				CLANG_CXX_LANGUAGE_STANDARD = "gnu++20";
				CLANG_ENABLE_MODULES = YES;
				CLANG_ENABLE_OBJC_ARC = YES;
				CLANG_ENABLE_OBJC_WEAK = YES;
				CLANG_WARN_BLOCK_CAPTURE_AUTORELEASING = YES;
				CLANG_WARN_BOOL_CONVERSION = YES;
				CLANG_WARN_COMMA = YES;
				CLANG_WARN_CONSTANT_CONVERSION = YES;
				CLANG_WARN_DEPRECATED_OBJC_IMPLEMENTATIONS = YES;
				CLANG_WARN_DIRECT_OBJC_ISA_USAGE = YES_ERROR;
				CLANG_WARN_DOCUMENTATION_COMMENTS = YES;
				CLANG_WARN_EMPTY_BODY = YES;
				CLANG_WARN_ENUM_CONVERSION = YES;
				CLANG_WARN_INFINITE_RECURSION = YES;
				CLANG_WARN_INT_CONVERSION = YES;
				CLANG_WARN_NON_LITERAL_NULL_CONVERSION = YES;
				CLANG_WARN_OBJC_IMPLICIT_RETAIN_SELF = YES;
				CLANG_WARN_OBJC_LITERAL_CONVERSION = YES;
				CLANG_WARN_OBJC_ROOT_CLASS = YES_ERROR;
				CLANG_WARN_QUOTED_INCLUDE_IN_FRAMEWORK_HEADER = YES;
				CLANG_WARN_RANGE_LOOP_ANALYSIS = YES;
				CLANG_WARN_STRICT_PROTOTYPES = YES;
				CLANG_WARN_SUSPICIOUS_MOVE = YES;
				CLANG_WARN_UNGUARDED_AVAILABILITY = YES_AGGRESSIVE;
				CLANG_WARN_UNREACHABLE_CODE = YES;
				CLANG_WARN__DUPLICATE_METHOD_MATCH = YES;
				COPY_PHASE_STRIP = NO;
				DEBUG_INFORMATION_FORMAT = dwarf;
				ENABLE_STRICT_OBJC_MSGSEND = YES;
				ENABLE_TESTABILITY = YES;
				ENABLE_USER_SCRIPT_SANDBOXING = YES;
				GCC_C_LANGUAGE_STANDARD = gnu17;
				GCC_DYNAMIC_NO_PIC = NO;
				GCC_NO_COMMON_BLOCKS = YES;
				GCC_OPTIMIZATION_LEVEL = 0;
				GCC_PREPROCESSOR_DEFINITIONS = (
					"DEBUG=1",
					"$(inherited)",
				);
				GCC_WARN_64_TO_32_BIT_CONVERSION = YES;
				GCC_WARN_ABOUT_RETURN_TYPE = YES_ERROR;
				GCC_WARN_UNDECLARED_SELECTOR = YES;
				GCC_WARN_UNINITIALIZED_AUTOS = YES_AGGRESSIVE;
				GCC_WARN_UNUSED_FUNCTION = YES;
				GCC_WARN_UNUSED_VARIABLE = YES;
				IPHONEOS_DEPLOYMENT_TARGET = 17.2;
				LOCALIZATION_PREFERS_STRING_CATALOGS = YES;
				MTL_ENABLE_DEBUG_INFO = INCLUDE_SOURCE;
				MTL_FAST_MATH = YES;
				ONLY_ACTIVE_ARCH = YES;
				SDKROOT = iphoneos;
				SWIFT_ACTIVE_COMPILATION_CONDITIONS = "DEBUG $(inherited)";
				SWIFT_OPTIMIZATION_LEVEL = "-Onone";
			};
			name = Debug;
		};
		C6863CCD2B9F7C41009AFEBB /* Release */ = {
			isa = XCBuildConfiguration;
			buildSettings = {
				ALWAYS_SEARCH_USER_PATHS = NO;
				ASSETCATALOG_COMPILER_GENERATE_SWIFT_ASSET_SYMBOL_EXTENSIONS = YES;
				CLANG_ANALYZER_NONNULL = YES;
				CLANG_ANALYZER_NUMBER_OBJECT_CONVERSION = YES_AGGRESSIVE;
				CLANG_CXX_LANGUAGE_STANDARD = "gnu++20";
				CLANG_ENABLE_MODULES = YES;
				CLANG_ENABLE_OBJC_ARC = YES;
				CLANG_ENABLE_OBJC_WEAK = YES;
				CLANG_WARN_BLOCK_CAPTURE_AUTORELEASING = YES;
				CLANG_WARN_BOOL_CONVERSION = YES;
				CLANG_WARN_COMMA = YES;
				CLANG_WARN_CONSTANT_CONVERSION = YES;
				CLANG_WARN_DEPRECATED_OBJC_IMPLEMENTATIONS = YES;
				CLANG_WARN_DIRECT_OBJC_ISA_USAGE = YES_ERROR;
				CLANG_WARN_DOCUMENTATION_COMMENTS = YES;
				CLANG_WARN_EMPTY_BODY = YES;
				CLANG_WARN_ENUM_CONVERSION = YES;
				CLANG_WARN_INFINITE_RECURSION = YES;
				CLANG_WARN_INT_CONVERSION = YES;
				CLANG_WARN_NON_LITERAL_NULL_CONVERSION = YES;
				CLANG_WARN_OBJC_IMPLICIT_RETAIN_SELF = YES;
				CLANG_WARN_OBJC_LITERAL_CONVERSION = YES;
				CLANG_WARN_OBJC_ROOT_CLASS = YES_ERROR;
				CLANG_WARN_QUOTED_INCLUDE_IN_FRAMEWORK_HEADER = YES;
				CLANG_WARN_RANGE_LOOP_ANALYSIS = YES;
				CLANG_WARN_STRICT_PROTOTYPES = YES;
				CLANG_WARN_SUSPICIOUS_MOVE = YES;
				CLANG_WARN_UNGUARDED_AVAILABILITY = YES_AGGRESSIVE;
				CLANG_WARN_UNREACHABLE_CODE = YES;
				CLANG_WARN__DUPLICATE_METHOD_MATCH = YES;
				COPY_PHASE_STRIP = NO;
				DEBUG_INFORMATION_FORMAT = "dwarf-with-dsym";
				ENABLE_NS_ASSERTIONS = NO;
				ENABLE_STRICT_OBJC_MSGSEND = YES;
				ENABLE_USER_SCRIPT_SANDBOXING = YES;
				GCC_C_LANGUAGE_STANDARD = gnu17;
				GCC_NO_COMMON_BLOCKS = YES;
				GCC_WARN_64_TO_32_BIT_CONVERSION = YES;
				GCC_WARN_ABOUT_RETURN_TYPE = YES_ERROR;
				GCC_WARN_UNDECLARED_SELECTOR = YES;
				GCC_WARN_UNINITIALIZED_AUTOS = YES_AGGRESSIVE;
				GCC_WARN_UNUSED_FUNCTION = YES;
				GCC_WARN_UNUSED_VARIABLE = YES;
				IPHONEOS_DEPLOYMENT_TARGET = 17.2;
				LOCALIZATION_PREFERS_STRING_CATALOGS = YES;
				MTL_ENABLE_DEBUG_INFO = NO;
				MTL_FAST_MATH = YES;
				SDKROOT = iphoneos;
				SWIFT_COMPILATION_MODE = wholemodule;
				VALIDATE_PRODUCT = YES;
			};
			name = Release;
		};
		C6863CCF2B9F7C41009AFEBB /* Debug */ = {
			isa = XCBuildConfiguration;
			buildSettings = {
				ASSETCATALOG_COMPILER_APPICON_NAME = AppIcon;
				ASSETCATALOG_COMPILER_GLOBAL_ACCENT_COLOR_NAME = AccentColor;
				CODE_SIGN_STYLE = Automatic;
				CURRENT_PROJECT_VERSION = 1;
				GENERATE_INFOPLIST_FILE = YES;
				INFOPLIST_FILE = iTunesWOM/Info.plist;
				INFOPLIST_KEY_UIApplicationSupportsIndirectInputEvents = YES;
				INFOPLIST_KEY_UILaunchStoryboardName = LaunchScreen;
				INFOPLIST_KEY_UIMainStoryboardFile = Main;
				INFOPLIST_KEY_UISupportedInterfaceOrientations_iPad = "UIInterfaceOrientationPortrait UIInterfaceOrientationPortraitUpsideDown UIInterfaceOrientationLandscapeLeft UIInterfaceOrientationLandscapeRight";
				INFOPLIST_KEY_UISupportedInterfaceOrientations_iPhone = "UIInterfaceOrientationPortrait UIInterfaceOrientationLandscapeLeft UIInterfaceOrientationLandscapeRight";
				LD_RUNPATH_SEARCH_PATHS = (
					"$(inherited)",
					"@executable_path/Frameworks",
				);
				MARKETING_VERSION = 1.0;
				PRODUCT_BUNDLE_IDENTIFIER = MayreDev.iTunesWOM;
				PRODUCT_NAME = "$(TARGET_NAME)";
				SWIFT_EMIT_LOC_STRINGS = YES;
				SWIFT_VERSION = 5.0;
				TARGETED_DEVICE_FAMILY = "1,2";
			};
			name = Debug;
		};
		C6863CD02B9F7C41009AFEBB /* Release */ = {
			isa = XCBuildConfiguration;
			buildSettings = {
				ASSETCATALOG_COMPILER_APPICON_NAME = AppIcon;
				ASSETCATALOG_COMPILER_GLOBAL_ACCENT_COLOR_NAME = AccentColor;
				CODE_SIGN_STYLE = Automatic;
				CURRENT_PROJECT_VERSION = 1;
				GENERATE_INFOPLIST_FILE = YES;
				INFOPLIST_FILE = iTunesWOM/Info.plist;
				INFOPLIST_KEY_UIApplicationSupportsIndirectInputEvents = YES;
				INFOPLIST_KEY_UILaunchStoryboardName = LaunchScreen;
				INFOPLIST_KEY_UIMainStoryboardFile = Main;
				INFOPLIST_KEY_UISupportedInterfaceOrientations_iPad = "UIInterfaceOrientationPortrait UIInterfaceOrientationPortraitUpsideDown UIInterfaceOrientationLandscapeLeft UIInterfaceOrientationLandscapeRight";
				INFOPLIST_KEY_UISupportedInterfaceOrientations_iPhone = "UIInterfaceOrientationPortrait UIInterfaceOrientationLandscapeLeft UIInterfaceOrientationLandscapeRight";
				LD_RUNPATH_SEARCH_PATHS = (
					"$(inherited)",
					"@executable_path/Frameworks",
				);
				MARKETING_VERSION = 1.0;
				PRODUCT_BUNDLE_IDENTIFIER = MayreDev.iTunesWOM;
				PRODUCT_NAME = "$(TARGET_NAME)";
				SWIFT_EMIT_LOC_STRINGS = YES;
				SWIFT_VERSION = 5.0;
				TARGETED_DEVICE_FAMILY = "1,2";
			};
			name = Release;
		};
/* End XCBuildConfiguration section */

/* Begin XCConfigurationList section */
		C6863CB52B9F7C3F009AFEBB /* Build configuration list for PBXProject "iTunesWOM" */ = {
			isa = XCConfigurationList;
			buildConfigurations = (
				C6863CCC2B9F7C41009AFEBB /* Debug */,
				C6863CCD2B9F7C41009AFEBB /* Release */,
			);
			defaultConfigurationIsVisible = 0;
			defaultConfigurationName = Release;
		};
		C6863CCE2B9F7C41009AFEBB /* Build configuration list for PBXNativeTarget "iTunesWOM" */ = {
			isa = XCConfigurationList;
			buildConfigurations = (
				C6863CCF2B9F7C41009AFEBB /* Debug */,
				C6863CD02B9F7C41009AFEBB /* Release */,
			);
			defaultConfigurationIsVisible = 0;
			defaultConfigurationName = Release;
		};
/* End XCConfigurationList section */
	};
	rootObject = C6863CB22B9F7C3F009AFEBB /* Project object */;
}
